
Microsoft Visual Studio Solution File, Format Version 12.00
# Visual Studio 15
Project("{FAE04EC0-301F-11D3-BF4B-00C04F79EFBC}") = "Assembly-CSharp", "Assembly-CSharp.csproj", "{9649587B-387D-301E-5578-5BCD172D441E}"
EndProject
Project("{FAE04EC0-301F-11D3-BF4B-00C04F79EFBC}") = "NavMeshComponents", "NavMeshComponents.csproj", "{B8D57997-E676-B423-21F9-2556BFDB9E57}"
EndProject
Project("{FAE04EC0-301F-11D3-BF4B-00C04F79EFBC}") = "NavMeshComponentsEditor", "NavMeshComponentsEditor.csproj", "{447D14C6-D882-39FA-9ACA-4272C31581B7}"
EndProject
Project("{FAE04EC0-301F-11D3-BF4B-00C04F79EFBC}") = "Assembly-CSharp-Editor", "Assembly-CSharp-Editor.csproj", "{FF343EFA-1AAC-20C6-0076-1BFB3764F409}"
EndProject
Global
	GlobalSection(SolutionConfigurationPlatforms) = preSolution
		Debug|Any CPU = Debug|Any CPU
		Release|Any CPU = Release|Any CPU
	EndGlobalSection
	GlobalSection(ProjectConfigurationPlatforms) = postSolution
		{9649587B-387D-301E-5578-5BCD172D441E}.Debug|Any CPU.ActiveCfg = Debug|Any CPU
		{9649587B-387D-301E-5578-5BCD172D441E}.Debug|Any CPU.Build.0 = Debug|Any CPU
		{9649587B-387D-301E-5578-5BCD172D441E}.Release|Any CPU.ActiveCfg = Release|Any CPU
		{9649587B-387D-301E-5578-5BCD172D441E}.Release|Any CPU.Build.0 = Release|Any CPU
		{B8D57997-E676-B423-21F9-2556BFDB9E57}.Debug|Any CPU.ActiveCfg = Debug|Any CPU
		{B8D57997-E676-B423-21F9-2556BFDB9E57}.Debug|Any CPU.Build.0 = Debug|Any CPU
		{B8D57997-E676-B423-21F9-2556BFDB9E57}.Release|Any CPU.ActiveCfg = Release|Any CPU
		{B8D57997-E676-B423-21F9-2556BFDB9E57}.Release|Any CPU.Build.0 = Release|Any CPU
		{447D14C6-D882-39FA-9ACA-4272C31581B7}.Debug|Any CPU.ActiveCfg = Debug|Any CPU
		{447D14C6-D882-39FA-9ACA-4272C31581B7}.Debug|Any CPU.Build.0 = Debug|Any CPU
		{447D14C6-D882-39FA-9ACA-4272C31581B7}.Release|Any CPU.ActiveCfg = Release|Any CPU
		{447D14C6-D882-39FA-9ACA-4272C31581B7}.Release|Any CPU.Build.0 = Release|Any CPU
		{FF343EFA-1AAC-20C6-0076-1BFB3764F409}.Debug|Any CPU.ActiveCfg = Debug|Any CPU
		{FF343EFA-1AAC-20C6-0076-1BFB3764F409}.Debug|Any CPU.Build.0 = Debug|Any CPU
		{FF343EFA-1AAC-20C6-0076-1BFB3764F409}.Release|Any CPU.ActiveCfg = Release|Any CPU
		{FF343EFA-1AAC-20C6-0076-1BFB3764F409}.Release|Any CPU.Build.0 = Release|Any CPU
	EndGlobalSection
	GlobalSection(SolutionProperties) = preSolution
		HideSolutionNode = FALSE
	EndGlobalSection
EndGlobal
